// !$*UTF8*$!
{
	archiveVersion = 1;
	classes = {
	};
	objectVersion = 55;
	objects = {

/* Begin PBXBuildFile section */
		2D381DC0C1BE04B1BC42AF73 /* Pods_ExDynamicCustomViewTests.framework in Frameworks */ = {isa = PBXBuildFile; fileRef = 821D7661810C9A93C152D4F1 /* Pods_ExDynamicCustomViewTests.framework */; };
		434E37AA0FD5FDFF02369F21 /* Pods_ExDynamicCustomView_ExDynamicCustomViewUITests.framework in Frameworks */ = {isa = PBXBuildFile; fileRef = 9D9C72C00BD30747A71C3254 /* Pods_ExDynamicCustomView_ExDynamicCustomViewUITests.framework */; };
		4A4818CF2756A441001BC1D4 /* AppDelegate.swift in Sources */ = {isa = PBXBuildFile; fileRef = 4A4818CE2756A441001BC1D4 /* AppDelegate.swift */; };
		4A4818D12756A441001BC1D4 /* SceneDelegate.swift in Sources */ = {isa = PBXBuildFile; fileRef = 4A4818D02756A441001BC1D4 /* SceneDelegate.swift */; };
		4A4818D32756A441001BC1D4 /* ViewController.swift in Sources */ = {isa = PBXBuildFile; fileRef = 4A4818D22756A441001BC1D4 /* ViewController.swift */; };
		4A4818D62756A441001BC1D4 /* Main.storyboard in Resources */ = {isa = PBXBuildFile; fileRef = 4A4818D42756A441001BC1D4 /* Main.storyboard */; };
		4A4818D82756A443001BC1D4 /* Assets.xcassets in Resources */ = {isa = PBXBuildFile; fileRef = 4A4818D72756A443001BC1D4 /* Assets.xcassets */; };
		4A4818DB2756A443001BC1D4 /* LaunchScreen.storyboard in Resources */ = {isa = PBXBuildFile; fileRef = 4A4818D92756A443001BC1D4 /* LaunchScreen.storyboard */; };
		4A4818E62756A443001BC1D4 /* ExDynamicCustomViewTests.swift in Sources */ = {isa = PBXBuildFile; fileRef = 4A4818E52756A443001BC1D4 /* ExDynamicCustomViewTests.swift */; };
		4A4818F02756A443001BC1D4 /* ExDynamicCustomViewUITests.swift in Sources */ = {isa = PBXBuildFile; fileRef = 4A4818EF2756A443001BC1D4 /* ExDynamicCustomViewUITests.swift */; };
		4A4818F22756A443001BC1D4 /* ExDynamicCustomViewUITestsLaunchTests.swift in Sources */ = {isa = PBXBuildFile; fileRef = 4A4818F12756A443001BC1D4 /* ExDynamicCustomViewUITestsLaunchTests.swift */; };
		4A4819072756A6DE001BC1D4 /* MyModel.swift in Sources */ = {isa = PBXBuildFile; fileRef = 4A4819062756A6DE001BC1D4 /* MyModel.swift */; };
		4A48190A2756A852001BC1D4 /* String+Height.swift in Sources */ = {isa = PBXBuildFile; fileRef = 4A4819092756A852001BC1D4 /* String+Height.swift */; };
		4A48190C2756AA54001BC1D4 /* NSObject+Name.swift in Sources */ = {isa = PBXBuildFile; fileRef = 4A48190B2756AA54001BC1D4 /* NSObject+Name.swift */; };
		4A4819182756B127001BC1D4 /* UIView+Nib.swift in Sources */ = {isa = PBXBuildFile; fileRef = 4A4819172756B127001BC1D4 /* UIView+Nib.swift */; };
		4A4819212756C00A001BC1D4 /* MyTableViewCell.swift in Sources */ = {isa = PBXBuildFile; fileRef = 4A48191F2756C00A001BC1D4 /* MyTableViewCell.swift */; };
		4A4819222756C00A001BC1D4 /* MyTableViewCell.xib in Resources */ = {isa = PBXBuildFile; fileRef = 4A4819202756C00A001BC1D4 /* MyTableViewCell.xib */; };
		8EAD9C2101832871BC9EFE8A /* Pods_ExDynamicCustomView.framework in Frameworks */ = {isa = PBXBuildFile; fileRef = 6CE2F90BC5EAD3D503C13321 /* Pods_ExDynamicCustomView.framework */; };
/* End PBXBuildFile section */

/* Begin PBXContainerItemProxy section */
		4A4818E22756A443001BC1D4 /* PBXContainerItemProxy */ = {
			isa = PBXContainerItemProxy;
			containerPortal = 4A4818C32756A441001BC1D4 /* Project object */;
			proxyType = 1;
			remoteGlobalIDString = 4A4818CA2756A441001BC1D4;
			remoteInfo = ExDynamicCustomView;
		};
		4A4818EC2756A443001BC1D4 /* PBXContainerItemProxy */ = {
			isa = PBXContainerItemProxy;
			containerPortal = 4A4818C32756A441001BC1D4 /* Project object */;
			proxyType = 1;
			remoteGlobalIDString = 4A4818CA2756A441001BC1D4;
			remoteInfo = ExDynamicCustomView;
		};
/* End PBXContainerItemProxy section */

/* Begin PBXFileReference section */
		026E2BAEA66716876DE44241 /* Pods-ExDynamicCustomView.release.xcconfig */ = {isa = PBXFileReference; includeInIndex = 1; lastKnownFileType = text.xcconfig; name = "Pods-ExDynamicCustomView.release.xcconfig"; path = "Target Support Files/Pods-ExDynamicCustomView/Pods-ExDynamicCustomView.release.xcconfig"; sourceTree = "<group>"; };
		14906C85B6E63947083840A5 /* Pods-ExDynamicCustomView-ExDynamicCustomViewUITests.release.xcconfig */ = {isa = PBXFileReference; includeInIndex = 1; lastKnownFileType = text.xcconfig; name = "Pods-ExDynamicCustomView-ExDynamicCustomViewUITests.release.xcconfig"; path = "Target Support Files/Pods-ExDynamicCustomView-ExDynamicCustomViewUITests/Pods-ExDynamicCustomView-ExDynamicCustomViewUITests.release.xcconfig"; sourceTree = "<group>"; };
		1D97851E10A129D6E5AC9961 /* Pods-ExDynamicCustomView.debug.xcconfig */ = {isa = PBXFileReference; includeInIndex = 1; lastKnownFileType = text.xcconfig; name = "Pods-ExDynamicCustomView.debug.xcconfig"; path = "Target Support Files/Pods-ExDynamicCustomView/Pods-ExDynamicCustomView.debug.xcconfig"; sourceTree = "<group>"; };
		4A4818CB2756A441001BC1D4 /* ExDynamicCustomView.app */ = {isa = PBXFileReference; explicitFileType = wrapper.application; includeInIndex = 0; path = ExDynamicCustomView.app; sourceTree = BUILT_PRODUCTS_DIR; };
		4A4818CE2756A441001BC1D4 /* AppDelegate.swift */ = {isa = PBXFileReference; lastKnownFileType = sourcecode.swift; path = AppDelegate.swift; sourceTree = "<group>"; };
		4A4818D02756A441001BC1D4 /* SceneDelegate.swift */ = {isa = PBXFileReference; lastKnownFileType = sourcecode.swift; path = SceneDelegate.swift; sourceTree = "<group>"; };
		4A4818D22756A441001BC1D4 /* ViewController.swift */ = {isa = PBXFileReference; lastKnownFileType = sourcecode.swift; path = ViewController.swift; sourceTree = "<group>"; };
		4A4818D52756A441001BC1D4 /* Base */ = {isa = PBXFileReference; lastKnownFileType = file.storyboard; name = Base; path = Base.lproj/Main.storyboard; sourceTree = "<group>"; };
		4A4818D72756A443001BC1D4 /* Assets.xcassets */ = {isa = PBXFileReference; lastKnownFileType = folder.assetcatalog; path = Assets.xcassets; sourceTree = "<group>"; };
		4A4818DA2756A443001BC1D4 /* Base */ = {isa = PBXFileReference; lastKnownFileType = file.storyboard; name = Base; path = Base.lproj/LaunchScreen.storyboard; sourceTree = "<group>"; };
		4A4818DC2756A443001BC1D4 /* Info.plist */ = {isa = PBXFileReference; lastKnownFileType = text.plist.xml; path = Info.plist; sourceTree = "<group>"; };
		4A4818E12756A443001BC1D4 /* ExDynamicCustomViewTests.xctest */ = {isa = PBXFileReference; explicitFileType = wrapper.cfbundle; includeInIndex = 0; path = ExDynamicCustomViewTests.xctest; sourceTree = BUILT_PRODUCTS_DIR; };
		4A4818E52756A443001BC1D4 /* ExDynamicCustomViewTests.swift */ = {isa = PBXFileReference; lastKnownFileType = sourcecode.swift; path = ExDynamicCustomViewTests.swift; sourceTree = "<group>"; };
		4A4818EB2756A443001BC1D4 /* ExDynamicCustomViewUITests.xctest */ = {isa = PBXFileReference; explicitFileType = wrapper.cfbundle; includeInIndex = 0; path = ExDynamicCustomViewUITests.xctest; sourceTree = BUILT_PRODUCTS_DIR; };
		4A4818EF2756A443001BC1D4 /* ExDynamicCustomViewUITests.swift */ = {isa = PBXFileReference; lastKnownFileType = sourcecode.swift; path = ExDynamicCustomViewUITests.swift; sourceTree = "<group>"; };
		4A4818F12756A443001BC1D4 /* ExDynamicCustomViewUITestsLaunchTests.swift */ = {isa = PBXFileReference; lastKnownFileType = sourcecode.swift; path = ExDynamicCustomViewUITestsLaunchTests.swift; sourceTree = "<group>"; };
		4A4819062756A6DE001BC1D4 /* MyModel.swift */ = {isa = PBXFileReference; lastKnownFileType = sourcecode.swift; path = MyModel.swift; sourceTree = "<group>"; };
		4A4819092756A852001BC1D4 /* String+Height.swift */ = {isa = PBXFileReference; lastKnownFileType = sourcecode.swift; path = "String+Height.swift"; sourceTree = "<group>"; };
		4A48190B2756AA54001BC1D4 /* NSObject+Name.swift */ = {isa = PBXFileReference; lastKnownFileType = sourcecode.swift; path = "NSObject+Name.swift"; sourceTree = "<group>"; };
		4A4819172756B127001BC1D4 /* UIView+Nib.swift */ = {isa = PBXFileReference; lastKnownFileType = sourcecode.swift; path = "UIView+Nib.swift"; sourceTree = "<group>"; };
		4A48191F2756C00A001BC1D4 /* MyTableViewCell.swift */ = {isa = PBXFileReference; lastKnownFileType = sourcecode.swift; path = MyTableViewCell.swift; sourceTree = "<group>"; };
		4A4819202756C00A001BC1D4 /* MyTableViewCell.xib */ = {isa = PBXFileReference; lastKnownFileType = file.xib; path = MyTableViewCell.xib; sourceTree = "<group>"; };
		54FCE05381880D6E2121EDA9 /* Pods-ExDynamicCustomView-ExDynamicCustomViewUITests.debug.xcconfig */ = {isa = PBXFileReference; includeInIndex = 1; lastKnownFileType = text.xcconfig; name = "Pods-ExDynamicCustomView-ExDynamicCustomViewUITests.debug.xcconfig"; path = "Target Support Files/Pods-ExDynamicCustomView-ExDynamicCustomViewUITests/Pods-ExDynamicCustomView-ExDynamicCustomViewUITests.debug.xcconfig"; sourceTree = "<group>"; };
		6C3A3E2F62B30049C6B81952 /* Pods-ExDynamicCustomViewTests.release.xcconfig */ = {isa = PBXFileReference; includeInIndex = 1; lastKnownFileType = text.xcconfig; name = "Pods-ExDynamicCustomViewTests.release.xcconfig"; path = "Target Support Files/Pods-ExDynamicCustomViewTests/Pods-ExDynamicCustomViewTests.release.xcconfig"; sourceTree = "<group>"; };
		6CE2F90BC5EAD3D503C13321 /* Pods_ExDynamicCustomView.framework */ = {isa = PBXFileReference; explicitFileType = wrapper.framework; includeInIndex = 0; path = Pods_ExDynamicCustomView.framework; sourceTree = BUILT_PRODUCTS_DIR; };
		821D7661810C9A93C152D4F1 /* Pods_ExDynamicCustomViewTests.framework */ = {isa = PBXFileReference; explicitFileType = wrapper.framework; includeInIndex = 0; path = Pods_ExDynamicCustomViewTests.framework; sourceTree = BUILT_PRODUCTS_DIR; };
		9D9C72C00BD30747A71C3254 /* Pods_ExDynamicCustomView_ExDynamicCustomViewUITests.framework */ = {isa = PBXFileReference; explicitFileType = wrapper.framework; includeInIndex = 0; path = Pods_ExDynamicCustomView_ExDynamicCustomViewUITests.framework; sourceTree = BUILT_PRODUCTS_DIR; };
		E2C4932653019B8F195A2D1E /* Pods-ExDynamicCustomViewTests.debug.xcconfig */ = {isa = PBXFileReference; includeInIndex = 1; lastKnownFileType = text.xcconfig; name = "Pods-ExDynamicCustomViewTests.debug.xcconfig"; path = "Target Support Files/Pods-ExDynamicCustomViewTests/Pods-ExDynamicCustomViewTests.debug.xcconfig"; sourceTree = "<group>"; };
/* End PBXFileReference section */

/* Begin PBXFrameworksBuildPhase section */
		4A4818C82756A441001BC1D4 /* Frameworks */ = {
			isa = PBXFrameworksBuildPhase;
			buildActionMask = 2147483647;
			files = (
				8EAD9C2101832871BC9EFE8A /* Pods_ExDynamicCustomView.framework in Frameworks */,
			);
			runOnlyForDeploymentPostprocessing = 0;
		};
		4A4818DE2756A443001BC1D4 /* Frameworks */ = {
			isa = PBXFrameworksBuildPhase;
			buildActionMask = 2147483647;
			files = (
				2D381DC0C1BE04B1BC42AF73 /* Pods_ExDynamicCustomViewTests.framework in Frameworks */,
			);
			runOnlyForDeploymentPostprocessing = 0;
		};
		4A4818E82756A443001BC1D4 /* Frameworks */ = {
			isa = PBXFrameworksBuildPhase;
			buildActionMask = 2147483647;
			files = (
				434E37AA0FD5FDFF02369F21 /* Pods_ExDynamicCustomView_ExDynamicCustomViewUITests.framework in Frameworks */,
			);
			runOnlyForDeploymentPostprocessing = 0;
		};
/* End PBXFrameworksBuildPhase section */

/* Begin PBXGroup section */
		27A6F063BB7A98C35C1E45CC /* Frameworks */ = {
			isa = PBXGroup;
			children = (
				6CE2F90BC5EAD3D503C13321 /* Pods_ExDynamicCustomView.framework */,
				9D9C72C00BD30747A71C3254 /* Pods_ExDynamicCustomView_ExDynamicCustomViewUITests.framework */,
				821D7661810C9A93C152D4F1 /* Pods_ExDynamicCustomViewTests.framework */,
			);
			name = Frameworks;
			sourceTree = "<group>";
		};
		4A4818C22756A441001BC1D4 = {
			isa = PBXGroup;
			children = (
				4A4818CD2756A441001BC1D4 /* ExDynamicCustomView */,
				4A4818E42756A443001BC1D4 /* ExDynamicCustomViewTests */,
				4A4818EE2756A443001BC1D4 /* ExDynamicCustomViewUITests */,
				4A4818CC2756A441001BC1D4 /* Products */,
				6181541C9E358F02462149FA /* Pods */,
				27A6F063BB7A98C35C1E45CC /* Frameworks */,
			);
			sourceTree = "<group>";
		};
		4A4818CC2756A441001BC1D4 /* Products */ = {
			isa = PBXGroup;
			children = (
				4A4818CB2756A441001BC1D4 /* ExDynamicCustomView.app */,
				4A4818E12756A443001BC1D4 /* ExDynamicCustomViewTests.xctest */,
				4A4818EB2756A443001BC1D4 /* ExDynamicCustomViewUITests.xctest */,
			);
			name = Products;
			sourceTree = "<group>";
		};
		4A4818CD2756A441001BC1D4 /* ExDynamicCustomView */ = {
			isa = PBXGroup;
			children = (
				4A4819052756A6DA001BC1D4 /* Models */,
				4A4818FE2756A459001BC1D4 /* Views */,
				4A4819082756A842001BC1D4 /* Utils */,
				4A4818CE2756A441001BC1D4 /* AppDelegate.swift */,
				4A4818D02756A441001BC1D4 /* SceneDelegate.swift */,
				4A4818D22756A441001BC1D4 /* ViewController.swift */,
				4A4818D42756A441001BC1D4 /* Main.storyboard */,
				4A4818D72756A443001BC1D4 /* Assets.xcassets */,
				4A4818D92756A443001BC1D4 /* LaunchScreen.storyboard */,
				4A4818DC2756A443001BC1D4 /* Info.plist */,
			);
			path = ExDynamicCustomView;
			sourceTree = "<group>";
		};
		4A4818E42756A443001BC1D4 /* ExDynamicCustomViewTests */ = {
			isa = PBXGroup;
			children = (
				4A4818E52756A443001BC1D4 /* ExDynamicCustomViewTests.swift */,
			);
			path = ExDynamicCustomViewTests;
			sourceTree = "<group>";
		};
		4A4818EE2756A443001BC1D4 /* ExDynamicCustomViewUITests */ = {
			isa = PBXGroup;
			children = (
				4A4818EF2756A443001BC1D4 /* ExDynamicCustomViewUITests.swift */,
				4A4818F12756A443001BC1D4 /* ExDynamicCustomViewUITestsLaunchTests.swift */,
			);
			path = ExDynamicCustomViewUITests;
			sourceTree = "<group>";
		};
		4A4818FE2756A459001BC1D4 /* Views */ = {
			isa = PBXGroup;
			children = (
				4A48191F2756C00A001BC1D4 /* MyTableViewCell.swift */,
				4A4819202756C00A001BC1D4 /* MyTableViewCell.xib */,
			);
			path = Views;
			sourceTree = "<group>";
		};
		4A4819052756A6DA001BC1D4 /* Models */ = {
			isa = PBXGroup;
			children = (
				4A4819062756A6DE001BC1D4 /* MyModel.swift */,
			);
			path = Models;
			sourceTree = "<group>";
		};
		4A4819082756A842001BC1D4 /* Utils */ = {
			isa = PBXGroup;
			children = (
				4A4819092756A852001BC1D4 /* String+Height.swift */,
				4A48190B2756AA54001BC1D4 /* NSObject+Name.swift */,
				4A4819172756B127001BC1D4 /* UIView+Nib.swift */,
			);
			path = Utils;
			sourceTree = "<group>";
		};
		6181541C9E358F02462149FA /* Pods */ = {
			isa = PBXGroup;
			children = (
				1D97851E10A129D6E5AC9961 /* Pods-ExDynamicCustomView.debug.xcconfig */,
				026E2BAEA66716876DE44241 /* Pods-ExDynamicCustomView.release.xcconfig */,
				54FCE05381880D6E2121EDA9 /* Pods-ExDynamicCustomView-ExDynamicCustomViewUITests.debug.xcconfig */,
				14906C85B6E63947083840A5 /* Pods-ExDynamicCustomView-ExDynamicCustomViewUITests.release.xcconfig */,
				E2C4932653019B8F195A2D1E /* Pods-ExDynamicCustomViewTests.debug.xcconfig */,
				6C3A3E2F62B30049C6B81952 /* Pods-ExDynamicCustomViewTests.release.xcconfig */,
			);
			path = Pods;
			sourceTree = "<group>";
		};
/* End PBXGroup section */

/* Begin PBXNativeTarget section */
		4A4818CA2756A441001BC1D4 /* ExDynamicCustomView */ = {
			isa = PBXNativeTarget;
			buildConfigurationList = 4A4818F52756A443001BC1D4 /* Build configuration list for PBXNativeTarget "ExDynamicCustomView" */;
			buildPhases = (
				49E6A2E49BEEADE1D4DEB207 /* [CP] Check Pods Manifest.lock */,
				4A4818C72756A441001BC1D4 /* Sources */,
				4A4818C82756A441001BC1D4 /* Frameworks */,
				4A4818C92756A441001BC1D4 /* Resources */,
				B265471C84CE2E1FD2996774 /* [CP] Embed Pods Frameworks */,
			);
			buildRules = (
			);
			dependencies = (
			);
			name = ExDynamicCustomView;
			productName = ExDynamicCustomView;
			productReference = 4A4818CB2756A441001BC1D4 /* ExDynamicCustomView.app */;
			productType = "com.apple.product-type.application";
		};
		4A4818E02756A443001BC1D4 /* ExDynamicCustomViewTests */ = {
			isa = PBXNativeTarget;
			buildConfigurationList = 4A4818F82756A443001BC1D4 /* Build configuration list for PBXNativeTarget "ExDynamicCustomViewTests" */;
			buildPhases = (
				CD910B392AD5A36082781A72 /* [CP] Check Pods Manifest.lock */,
				4A4818DD2756A443001BC1D4 /* Sources */,
				4A4818DE2756A443001BC1D4 /* Frameworks */,
				4A4818DF2756A443001BC1D4 /* Resources */,
			);
			buildRules = (
			);
			dependencies = (
				4A4818E32756A443001BC1D4 /* PBXTargetDependency */,
			);
			name = ExDynamicCustomViewTests;
			productName = ExDynamicCustomViewTests;
			productReference = 4A4818E12756A443001BC1D4 /* ExDynamicCustomViewTests.xctest */;
			productType = "com.apple.product-type.bundle.unit-test";
		};
		4A4818EA2756A443001BC1D4 /* ExDynamicCustomViewUITests */ = {
			isa = PBXNativeTarget;
			buildConfigurationList = 4A4818FB2756A443001BC1D4 /* Build configuration list for PBXNativeTarget "ExDynamicCustomViewUITests" */;
			buildPhases = (
				C5A0FC2980B118BC41FA1333 /* [CP] Check Pods Manifest.lock */,
				4A4818E72756A443001BC1D4 /* Sources */,
				4A4818E82756A443001BC1D4 /* Frameworks */,
				4A4818E92756A443001BC1D4 /* Resources */,
				188ACD0F4C7A1183A1E9B770 /* [CP] Embed Pods Frameworks */,
			);
			buildRules = (
			);
			dependencies = (
				4A4818ED2756A443001BC1D4 /* PBXTargetDependency */,
			);
			name = ExDynamicCustomViewUITests;
			productName = ExDynamicCustomViewUITests;
			productReference = 4A4818EB2756A443001BC1D4 /* ExDynamicCustomViewUITests.xctest */;
			productType = "com.apple.product-type.bundle.ui-testing";
		};
/* End PBXNativeTarget section */

/* Begin PBXProject section */
		4A4818C32756A441001BC1D4 /* Project object */ = {
			isa = PBXProject;
			attributes = {
				BuildIndependentTargetsInParallel = 1;
				LastSwiftUpdateCheck = 1310;
				LastUpgradeCheck = 1310;
				TargetAttributes = {
					4A4818CA2756A441001BC1D4 = {
						CreatedOnToolsVersion = 13.1;
					};
					4A4818E02756A443001BC1D4 = {
						CreatedOnToolsVersion = 13.1;
						TestTargetID = 4A4818CA2756A441001BC1D4;
					};
					4A4818EA2756A443001BC1D4 = {
						CreatedOnToolsVersion = 13.1;
						TestTargetID = 4A4818CA2756A441001BC1D4;
					};
				};
			};
			buildConfigurationList = 4A4818C62756A441001BC1D4 /* Build configuration list for PBXProject "ExDynamicCustomView" */;
			compatibilityVersion = "Xcode 13.0";
			developmentRegion = en;
			hasScannedForEncodings = 0;
			knownRegions = (
				en,
				Base,
			);
			mainGroup = 4A4818C22756A441001BC1D4;
			productRefGroup = 4A4818CC2756A441001BC1D4 /* Products */;
			projectDirPath = "";
			projectRoot = "";
			targets = (
				4A4818CA2756A441001BC1D4 /* ExDynamicCustomView */,
				4A4818E02756A443001BC1D4 /* ExDynamicCustomViewTests */,
				4A4818EA2756A443001BC1D4 /* ExDynamicCustomViewUITests */,
			);
		};
/* End PBXProject section */

/* Begin PBXResourcesBuildPhase section */
		4A4818C92756A441001BC1D4 /* Resources */ = {
			isa = PBXResourcesBuildPhase;
			buildActionMask = 2147483647;
			files = (
				4A4819222756C00A001BC1D4 /* MyTableViewCell.xib in Resources */,
				4A4818DB2756A443001BC1D4 /* LaunchScreen.storyboard in Resources */,
				4A4818D82756A443001BC1D4 /* Assets.xcassets in Resources */,
				4A4818D62756A441001BC1D4 /* Main.storyboard in Resources */,
			);
			runOnlyForDeploymentPostprocessing = 0;
		};
		4A4818DF2756A443001BC1D4 /* Resources */ = {
			isa = PBXResourcesBuildPhase;
			buildActionMask = 2147483647;
			files = (
			);
			runOnlyForDeploymentPostprocessing = 0;
		};
		4A4818E92756A443001BC1D4 /* Resources */ = {
			isa = PBXResourcesBuildPhase;
			buildActionMask = 2147483647;
			files = (
			);
			runOnlyForDeploymentPostprocessing = 0;
		};
/* End PBXResourcesBuildPhase section */

/* Begin PBXShellScriptBuildPhase section */
		188ACD0F4C7A1183A1E9B770 /* [CP] Embed Pods Frameworks */ = {
			isa = PBXShellScriptBuildPhase;
			buildActionMask = 2147483647;
			files = (
			);
			inputFileListPaths = (
				"${PODS_ROOT}/Target Support Files/Pods-ExDynamicCustomView-ExDynamicCustomViewUITests/Pods-ExDynamicCustomView-ExDynamicCustomViewUITests-frameworks-${CONFIGURATION}-input-files.xcfilelist",
			);
			name = "[CP] Embed Pods Frameworks";
			outputFileListPaths = (
				"${PODS_ROOT}/Target Support Files/Pods-ExDynamicCustomView-ExDynamicCustomViewUITests/Pods-ExDynamicCustomView-ExDynamicCustomViewUITests-frameworks-${CONFIGURATION}-output-files.xcfilelist",
			);
			runOnlyForDeploymentPostprocessing = 0;
			shellPath = /bin/sh;
			shellScript = "\"${PODS_ROOT}/Target Support Files/Pods-ExDynamicCustomView-ExDynamicCustomViewUITests/Pods-ExDynamicCustomView-ExDynamicCustomViewUITests-frameworks.sh\"\n";
			showEnvVarsInLog = 0;
		};
		49E6A2E49BEEADE1D4DEB207 /* [CP] Check Pods Manifest.lock */ = {
			isa = PBXShellScriptBuildPhase;
			buildActionMask = 2147483647;
			files = (
			);
			inputFileListPaths = (
			);
			inputPaths = (
				"${PODS_PODFILE_DIR_PATH}/Podfile.lock",
				"${PODS_ROOT}/Manifest.lock",
			);
			name = "[CP] Check Pods Manifest.lock";
			outputFileListPaths = (
			);
			outputPaths = (
				"$(DERIVED_FILE_DIR)/Pods-ExDynamicCustomView-checkManifestLockResult.txt",
			);
			runOnlyForDeploymentPostprocessing = 0;
			shellPath = /bin/sh;
			shellScript = "diff \"${PODS_PODFILE_DIR_PATH}/Podfile.lock\" \"${PODS_ROOT}/Manifest.lock\" > /dev/null\nif [ $? != 0 ] ; then\n    # print error to STDERR\n    echo \"error: The sandbox is not in sync with the Podfile.lock. Run 'pod install' or update your CocoaPods installation.\" >&2\n    exit 1\nfi\n# This output is used by Xcode 'outputs' to avoid re-running this script phase.\necho \"SUCCESS\" > \"${SCRIPT_OUTPUT_FILE_0}\"\n";
			showEnvVarsInLog = 0;
		};
		B265471C84CE2E1FD2996774 /* [CP] Embed Pods Frameworks */ = {
			isa = PBXShellScriptBuildPhase;
			buildActionMask = 2147483647;
			files = (
			);
			inputFileListPaths = (
				"${PODS_ROOT}/Target Support Files/Pods-ExDynamicCustomView/Pods-ExDynamicCustomView-frameworks-${CONFIGURATION}-input-files.xcfilelist",
			);
			name = "[CP] Embed Pods Frameworks";
			outputFileListPaths = (
				"${PODS_ROOT}/Target Support Files/Pods-ExDynamicCustomView/Pods-ExDynamicCustomView-frameworks-${CONFIGURATION}-output-files.xcfilelist",
			);
			runOnlyForDeploymentPostprocessing = 0;
			shellPath = /bin/sh;
			shellScript = "\"${PODS_ROOT}/Target Support Files/Pods-ExDynamicCustomView/Pods-ExDynamicCustomView-frameworks.sh\"\n";
			showEnvVarsInLog = 0;
		};
		C5A0FC2980B118BC41FA1333 /* [CP] Check Pods Manifest.lock */ = {
			isa = PBXShellScriptBuildPhase;
			buildActionMask = 2147483647;
			files = (
			);
			inputFileListPaths = (
			);
			inputPaths = (
				"${PODS_PODFILE_DIR_PATH}/Podfile.lock",
				"${PODS_ROOT}/Manifest.lock",
			);
			name = "[CP] Check Pods Manifest.lock";
			outputFileListPaths = (
			);
			outputPaths = (
				"$(DERIVED_FILE_DIR)/Pods-ExDynamicCustomView-ExDynamicCustomViewUITests-checkManifestLockResult.txt",
			);
			runOnlyForDeploymentPostprocessing = 0;
			shellPath = /bin/sh;
			shellScript = "diff \"${PODS_PODFILE_DIR_PATH}/Podfile.lock\" \"${PODS_ROOT}/Manifest.lock\" > /dev/null\nif [ $? != 0 ] ; then\n    # print error to STDERR\n    echo \"error: The sandbox is not in sync with the Podfile.lock. Run 'pod install' or update your CocoaPods installation.\" >&2\n    exit 1\nfi\n# This output is used by Xcode 'outputs' to avoid re-running this script phase.\necho \"SUCCESS\" > \"${SCRIPT_OUTPUT_FILE_0}\"\n";
			showEnvVarsInLog = 0;
		};
		CD910B392AD5A36082781A72 /* [CP] Check Pods Manifest.lock */ = {
			isa = PBXShellScriptBuildPhase;
			buildActionMask = 2147483647;
			files = (
			);
			inputFileListPaths = (
			);
			inputPaths = (
				"${PODS_PODFILE_DIR_PATH}/Podfile.lock",
				"${PODS_ROOT}/Manifest.lock",
			);
			name = "[CP] Check Pods Manifest.lock";
			outputFileListPaths = (
			);
			outputPaths = (
				"$(DERIVED_FILE_DIR)/Pods-ExDynamicCustomViewTests-checkManifestLockResult.txt",
			);
			runOnlyForDeploymentPostprocessing = 0;
			shellPath = /bin/sh;
			shellScript = "diff \"${PODS_PODFILE_DIR_PATH}/Podfile.lock\" \"${PODS_ROOT}/Manifest.lock\" > /dev/null\nif [ $? != 0 ] ; then\n    # print error to STDERR\n    echo \"error: The sandbox is not in sync with the Podfile.lock. Run 'pod install' or update your CocoaPods installation.\" >&2\n    exit 1\nfi\n# This output is used by Xcode 'outputs' to avoid re-running this script phase.\necho \"SUCCESS\" > \"${SCRIPT_OUTPUT_FILE_0}\"\n";
			showEnvVarsInLog = 0;
		};
/* End PBXShellScriptBuildPhase section */

/* Begin PBXSourcesBuildPhase section */
		4A4818C72756A441001BC1D4 /* Sources */ = {
			isa = PBXSourcesBuildPhase;
			buildActionMask = 2147483647;
			files = (
				4A4819182756B127001BC1D4 /* UIView+Nib.swift in Sources */,
				4A4818D32756A441001BC1D4 /* ViewController.swift in Sources */,
				4A4819072756A6DE001BC1D4 /* MyModel.swift in Sources */,
				4A48190C2756AA54001BC1D4 /* NSObject+Name.swift in Sources */,
				4A48190A2756A852001BC1D4 /* String+Height.swift in Sources */,
				4A4819212756C00A001BC1D4 /* MyTableViewCell.swift in Sources */,
				4A4818CF2756A441001BC1D4 /* AppDelegate.swift in Sources */,
				4A4818D12756A441001BC1D4 /* SceneDelegate.swift in Sources */,
			);
			runOnlyForDeploymentPostprocessing = 0;
		};
		4A4818DD2756A443001BC1D4 /* Sources */ = {
			isa = PBXSourcesBuildPhase;
			buildActionMask = 2147483647;
			files = (
				4A4818E62756A443001BC1D4 /* ExDynamicCustomViewTests.swift in Sources */,
			);
			runOnlyForDeploymentPostprocessing = 0;
		};
		4A4818E72756A443001BC1D4 /* Sources */ = {
			isa = PBXSourcesBuildPhase;
			buildActionMask = 2147483647;
			files = (
				4A4818F02756A443001BC1D4 /* ExDynamicCustomViewUITests.swift in Sources */,
				4A4818F22756A443001BC1D4 /* ExDynamicCustomViewUITestsLaunchTests.swift in Sources */,
			);
			runOnlyForDeploymentPostprocessing = 0;
		};
/* End PBXSourcesBuildPhase section */

/* Begin PBXTargetDependency section */
		4A4818E32756A443001BC1D4 /* PBXTargetDependency */ = {
			isa = PBXTargetDependency;
			target = 4A4818CA2756A441001BC1D4 /* ExDynamicCustomView */;
			targetProxy = 4A4818E22756A443001BC1D4 /* PBXContainerItemProxy */;
		};
		4A4818ED2756A443001BC1D4 /* PBXTargetDependency */ = {
			isa = PBXTargetDependency;
			target = 4A4818CA2756A441001BC1D4 /* ExDynamicCustomView */;
			targetProxy = 4A4818EC2756A443001BC1D4 /* PBXContainerItemProxy */;
		};
/* End PBXTargetDependency section */

/* Begin PBXVariantGroup section */
		4A4818D42756A441001BC1D4 /* Main.storyboard */ = {
			isa = PBXVariantGroup;
			children = (
				4A4818D52756A441001BC1D4 /* Base */,
			);
			name = Main.storyboard;
			sourceTree = "<group>";
		};
		4A4818D92756A443001BC1D4 /* LaunchScreen.storyboard */ = {
			isa = PBXVariantGroup;
			children = (
				4A4818DA2756A443001BC1D4 /* Base */,
			);
			name = LaunchScreen.storyboard;
			sourceTree = "<group>";
		};
/* End PBXVariantGroup section */

/* Begin XCBuildConfiguration section */
		4A4818F32756A443001BC1D4 /* Debug */ = {
			isa = XCBuildConfiguration;
			buildSettings = {
				ALWAYS_SEARCH_USER_PATHS = NO;
				CLANG_ANALYZER_NONNULL = YES;
				CLANG_ANALYZER_NUMBER_OBJECT_CONVERSION = YES_AGGRESSIVE;
				CLANG_CXX_LANGUAGE_STANDARD = "gnu++17";
				CLANG_CXX_LIBRARY = "libc++";
				CLANG_ENABLE_MODULES = YES;
				CLANG_ENABLE_OBJC_ARC = YES;
				CLANG_ENABLE_OBJC_WEAK = YES;
				CLANG_WARN_BLOCK_CAPTURE_AUTORELEASING = YES;
				CLANG_WARN_BOOL_CONVERSION = YES;
				CLANG_WARN_COMMA = YES;
				CLANG_WARN_CONSTANT_CONVERSION = YES;
				CLANG_WARN_DEPRECATED_OBJC_IMPLEMENTATIONS = YES;
				CLANG_WARN_DIRECT_OBJC_ISA_USAGE = YES_ERROR;
				CLANG_WARN_DOCUMENTATION_COMMENTS = YES;
				CLANG_WARN_EMPTY_BODY = YES;
				CLANG_WARN_ENUM_CONVERSION = YES;
				CLANG_WARN_INFINITE_RECURSION = YES;
				CLANG_WARN_INT_CONVERSION = YES;
				CLANG_WARN_NON_LITERAL_NULL_CONVERSION = YES;
				CLANG_WARN_OBJC_IMPLICIT_RETAIN_SELF = YES;
				CLANG_WARN_OBJC_LITERAL_CONVERSION = YES;
				CLANG_WARN_OBJC_ROOT_CLASS = YES_ERROR;
				CLANG_WARN_QUOTED_INCLUDE_IN_FRAMEWORK_HEADER = YES;
				CLANG_WARN_RANGE_LOOP_ANALYSIS = YES;
				CLANG_WARN_STRICT_PROTOTYPES = YES;
				CLANG_WARN_SUSPICIOUS_MOVE = YES;
				CLANG_WARN_UNGUARDED_AVAILABILITY = YES_AGGRESSIVE;
				CLANG_WARN_UNREACHABLE_CODE = YES;
				CLANG_WARN__DUPLICATE_METHOD_MATCH = YES;
				COPY_PHASE_STRIP = NO;
				DEBUG_INFORMATION_FORMAT = dwarf;
				ENABLE_STRICT_OBJC_MSGSEND = YES;
				ENABLE_TESTABILITY = YES;
				GCC_C_LANGUAGE_STANDARD = gnu11;
				GCC_DYNAMIC_NO_PIC = NO;
				GCC_NO_COMMON_BLOCKS = YES;
				GCC_OPTIMIZATION_LEVEL = 0;
				GCC_PREPROCESSOR_DEFINITIONS = (
					"DEBUG=1",
					"$(inherited)",
				);
				GCC_WARN_64_TO_32_BIT_CONVERSION = YES;
				GCC_WARN_ABOUT_RETURN_TYPE = YES_ERROR;
				GCC_WARN_UNDECLARED_SELECTOR = YES;
				GCC_WARN_UNINITIALIZED_AUTOS = YES_AGGRESSIVE;
				GCC_WARN_UNUSED_FUNCTION = YES;
				GCC_WARN_UNUSED_VARIABLE = YES;
				IPHONEOS_DEPLOYMENT_TARGET = 15.0;
				MTL_ENABLE_DEBUG_INFO = INCLUDE_SOURCE;
				MTL_FAST_MATH = YES;
				ONLY_ACTIVE_ARCH = YES;
				SDKROOT = iphoneos;
				SWIFT_ACTIVE_COMPILATION_CONDITIONS = DEBUG;
				SWIFT_OPTIMIZATION_LEVEL = "-Onone";
			};
			name = Debug;
		};
		4A4818F42756A443001BC1D4 /* Release */ = {
			isa = XCBuildConfiguration;
			buildSettings = {
				ALWAYS_SEARCH_USER_PATHS = NO;
				CLANG_ANALYZER_NONNULL = YES;
				CLANG_ANALYZER_NUMBER_OBJECT_CONVERSION = YES_AGGRESSIVE;
				CLANG_CXX_LANGUAGE_STANDARD = "gnu++17";
				CLANG_CXX_LIBRARY = "libc++";
				CLANG_ENABLE_MODULES = YES;
				CLANG_ENABLE_OBJC_ARC = YES;
				CLANG_ENABLE_OBJC_WEAK = YES;
				CLANG_WARN_BLOCK_CAPTURE_AUTORELEASING = YES;
				CLANG_WARN_BOOL_CONVERSION = YES;
				CLANG_WARN_COMMA = YES;
				CLANG_WARN_CONSTANT_CONVERSION = YES;
				CLANG_WARN_DEPRECATED_OBJC_IMPLEMENTATIONS = YES;
				CLANG_WARN_DIRECT_OBJC_ISA_USAGE = YES_ERROR;
				CLANG_WARN_DOCUMENTATION_COMMENTS = YES;
				CLANG_WARN_EMPTY_BODY = YES;
				CLANG_WARN_ENUM_CONVERSION = YES;
				CLANG_WARN_INFINITE_RECURSION = YES;
				CLANG_WARN_INT_CONVERSION = YES;
				CLANG_WARN_NON_LITERAL_NULL_CONVERSION = YES;
				CLANG_WARN_OBJC_IMPLICIT_RETAIN_SELF = YES;
				CLANG_WARN_OBJC_LITERAL_CONVERSION = YES;
				CLANG_WARN_OBJC_ROOT_CLASS = YES_ERROR;
				CLANG_WARN_QUOTED_INCLUDE_IN_FRAMEWORK_HEADER = YES;
				CLANG_WARN_RANGE_LOOP_ANALYSIS = YES;
				CLANG_WARN_STRICT_PROTOTYPES = YES;
				CLANG_WARN_SUSPICIOUS_MOVE = YES;
				CLANG_WARN_UNGUARDED_AVAILABILITY = YES_AGGRESSIVE;
				CLANG_WARN_UNREACHABLE_CODE = YES;
				CLANG_WARN__DUPLICATE_METHOD_MATCH = YES;
				COPY_PHASE_STRIP = NO;
				DEBUG_INFORMATION_FORMAT = "dwarf-with-dsym";
				ENABLE_NS_ASSERTIONS = NO;
				ENABLE_STRICT_OBJC_MSGSEND = YES;
				GCC_C_LANGUAGE_STANDARD = gnu11;
				GCC_NO_COMMON_BLOCKS = YES;
				GCC_WARN_64_TO_32_BIT_CONVERSION = YES;
				GCC_WARN_ABOUT_RETURN_TYPE = YES_ERROR;
				GCC_WARN_UNDECLARED_SELECTOR = YES;
				GCC_WARN_UNINITIALIZED_AUTOS = YES_AGGRESSIVE;
				GCC_WARN_UNUSED_FUNCTION = YES;
				GCC_WARN_UNUSED_VARIABLE = YES;
				IPHONEOS_DEPLOYMENT_TARGET = 15.0;
				MTL_ENABLE_DEBUG_INFO = NO;
				MTL_FAST_MATH = YES;
				SDKROOT = iphoneos;
				SWIFT_COMPILATION_MODE = wholemodule;
				SWIFT_OPTIMIZATION_LEVEL = "-O";
				VALIDATE_PRODUCT = YES;
			};
			name = Release;
		};
		4A4818F62756A443001BC1D4 /* Debug */ = {
			isa = XCBuildConfiguration;
			baseConfigurationReference = 1D97851E10A129D6E5AC9961 /* Pods-ExDynamicCustomView.debug.xcconfig */;
			buildSettings = {
				ASSETCATALOG_COMPILER_APPICON_NAME = AppIcon;
				ASSETCATALOG_COMPILER_GLOBAL_ACCENT_COLOR_NAME = AccentColor;
				CODE_SIGN_STYLE = Automatic;
				CURRENT_PROJECT_VERSION = 1;
				DEVELOPMENT_TEAM = SS7U83UJNK;
				GENERATE_INFOPLIST_FILE = YES;
				INFOPLIST_FILE = ExDynamicCustomView/Info.plist;
				INFOPLIST_KEY_UIApplicationSupportsIndirectInputEvents = YES;
				INFOPLIST_KEY_UILaunchStoryboardName = LaunchScreen;
				INFOPLIST_KEY_UIMainStoryboardFile = Main;
				INFOPLIST_KEY_UISupportedInterfaceOrientations_iPad = "UIInterfaceOrientationPortrait UIInterfaceOrientationPortraitUpsideDown UIInterfaceOrientationLandscapeLeft UIInterfaceOrientationLandscapeRight";
				INFOPLIST_KEY_UISupportedInterfaceOrientations_iPhone = "UIInterfaceOrientationPortrait UIInterfaceOrientationLandscapeLeft UIInterfaceOrientationLandscapeRight";
				LD_RUNPATH_SEARCH_PATHS = (
					"$(inherited)",
					"@executable_path/Frameworks",
				);
				MARKETING_VERSION = 1.0;
				PRODUCT_BUNDLE_IDENTIFIER = com.jake.ExDynamicCustomView;
				PRODUCT_NAME = "$(TARGET_NAME)";
				SWIFT_EMIT_LOC_STRINGS = YES;
				SWIFT_VERSION = 5.0;
				TARGETED_DEVICE_FAMILY = "1,2";
			};
			name = Debug;
		};
		4A4818F72756A443001BC1D4 /* Release */ = {
			isa = XCBuildConfiguration;
			baseConfigurationReference = 026E2BAEA66716876DE44241 /* Pods-ExDynamicCustomView.release.xcconfig */;
			buildSettings = {
				ASSETCATALOG_COMPILER_APPICON_NAME = AppIcon;
				ASSETCATALOG_COMPILER_GLOBAL_ACCENT_COLOR_NAME = AccentColor;
				CODE_SIGN_STYLE = Automatic;
				CURRENT_PROJECT_VERSION = 1;
				DEVELOPMENT_TEAM = SS7U83UJNK;
				GENERATE_INFOPLIST_FILE = YES;
				INFOPLIST_FILE = ExDynamicCustomView/Info.plist;
				INFOPLIST_KEY_UIApplicationSupportsIndirectInputEvents = YES;
				INFOPLIST_KEY_UILaunchStoryboardName = LaunchScreen;
				INFOPLIST_KEY_UIMainStoryboardFile = Main;
				INFOPLIST_KEY_UISupportedInterfaceOrientations_iPad = "UIInterfaceOrientationPortrait UIInterfaceOrientationPortraitUpsideDown UIInterfaceOrientationLandscapeLeft UIInterfaceOrientationLandscapeRight";
				INFOPLIST_KEY_UISupportedInterfaceOrientations_iPhone = "UIInterfaceOrientationPortrait UIInterfaceOrientationLandscapeLeft UIInterfaceOrientationLandscapeRight";
				LD_RUNPATH_SEARCH_PATHS = (
					"$(inherited)",
					"@executable_path/Frameworks",
				);
				MARKETING_VERSION = 1.0;
				PRODUCT_BUNDLE_IDENTIFIER = com.jake.ExDynamicCustomView;
				PRODUCT_NAME = "$(TARGET_NAME)";
				SWIFT_EMIT_LOC_STRINGS = YES;
				SWIFT_VERSION = 5.0;
				TARGETED_DEVICE_FAMILY = "1,2";
			};
			name = Release;
		};
		4A4818F92756A443001BC1D4 /* Debug */ = {
			isa = XCBuildConfiguration;
			baseConfigurationReference = E2C4932653019B8F195A2D1E /* Pods-ExDynamicCustomViewTests.debug.xcconfig */;
			buildSettings = {
				ALWAYS_EMBED_SWIFT_STANDARD_LIBRARIES = YES;
				BUNDLE_LOADER = "$(TEST_HOST)";
				CODE_SIGN_STYLE = Automatic;
				CURRENT_PROJECT_VERSION = 1;
				DEVELOPMENT_TEAM = SS7U83UJNK;
				GENERATE_INFOPLIST_FILE = YES;
				IPHONEOS_DEPLOYMENT_TARGET = 15.0;
				LD_RUNPATH_SEARCH_PATHS = (
					"$(inherited)",
					"@executable_path/Frameworks",
					"@loader_path/Frameworks",
				);
				MARKETING_VERSION = 1.0;
				PRODUCT_BUNDLE_IDENTIFIER = com.jake.ExDynamicCustomViewTests;
				PRODUCT_NAME = "$(TARGET_NAME)";
				SWIFT_EMIT_LOC_STRINGS = NO;
				SWIFT_VERSION = 5.0;
				TARGETED_DEVICE_FAMILY = "1,2";
				TEST_HOST = "$(BUILT_PRODUCTS_DIR)/ExDynamicCustomView.app/ExDynamicCustomView";
			};
			name = Debug;
		};
		4A4818FA2756A443001BC1D4 /* Release */ = {
			isa = XCBuildConfiguration;
			baseConfigurationReference = 6C3A3E2F62B30049C6B81952 /* Pods-ExDynamicCustomViewTests.release.xcconfig */;
			buildSettings = {
				ALWAYS_EMBED_SWIFT_STANDARD_LIBRARIES = YES;
				BUNDLE_LOADER = "$(TEST_HOST)";
				CODE_SIGN_STYLE = Automatic;
				CURRENT_PROJECT_VERSION = 1;
				DEVELOPMENT_TEAM = SS7U83UJNK;
				GENERATE_INFOPLIST_FILE = YES;
				IPHONEOS_DEPLOYMENT_TARGET = 15.0;
				LD_RUNPATH_SEARCH_PATHS = (
					"$(inherited)",
					"@executable_path/Frameworks",
					"@loader_path/Frameworks",
				);
				MARKETING_VERSION = 1.0;
				PRODUCT_BUNDLE_IDENTIFIER = com.jake.ExDynamicCustomViewTests;
				PRODUCT_NAME = "$(TARGET_NAME)";
				SWIFT_EMIT_LOC_STRINGS = NO;
				SWIFT_VERSION = 5.0;
				TARGETED_DEVICE_FAMILY = "1,2";
				TEST_HOST = "$(BUILT_PRODUCTS_DIR)/ExDynamicCustomView.app/ExDynamicCustomView";
			};
			name = Release;
		};
		4A4818FC2756A443001BC1D4 /* Debug */ = {
			isa = XCBuildConfiguration;
			baseConfigurationReference = 54FCE05381880D6E2121EDA9 /* Pods-ExDynamicCustomView-ExDynamicCustomViewUITests.debug.xcconfig */;
			buildSettings = {
				ALWAYS_EMBED_SWIFT_STANDARD_LIBRARIES = YES;
				CODE_SIGN_STYLE = Automatic;
				CURRENT_PROJECT_VERSION = 1;
				DEVELOPMENT_TEAM = SS7U83UJNK;
				GENERATE_INFOPLIST_FILE = YES;
				LD_RUNPATH_SEARCH_PATHS = (
					"$(inherited)",
					"@executable_path/Frameworks",
					"@loader_path/Frameworks",
				);
				MARKETING_VERSION = 1.0;
				PRODUCT_BUNDLE_IDENTIFIER = com.jake.ExDynamicCustomViewUITests;
				PRODUCT_NAME = "$(TARGET_NAME)";
				SWIFT_EMIT_LOC_STRINGS = NO;
				SWIFT_VERSION = 5.0;
				TARGETED_DEVICE_FAMILY = "1,2";
				TEST_TARGET_NAME = ExDynamicCustomView;
			};
			name = Debug;
		};
		4A4818FD2756A443001BC1D4 /* Release */ = {
			isa = XCBuildConfiguration;
			baseConfigurationReference = 14906C85B6E63947083840A5 /* Pods-ExDynamicCustomView-ExDynamicCustomViewUITests.release.xcconfig */;
			buildSettings = {
				ALWAYS_EMBED_SWIFT_STANDARD_LIBRARIES = YES;
				CODE_SIGN_STYLE = Automatic;
				CURRENT_PROJECT_VERSION = 1;
				DEVELOPMENT_TEAM = SS7U83UJNK;
				GENERATE_INFOPLIST_FILE = YES;
				LD_RUNPATH_SEARCH_PATHS = (
					"$(inherited)",
					"@executable_path/Frameworks",
					"@loader_path/Frameworks",
				);
				MARKETING_VERSION = 1.0;
				PRODUCT_BUNDLE_IDENTIFIER = com.jake.ExDynamicCustomViewUITests;
				PRODUCT_NAME = "$(TARGET_NAME)";
				SWIFT_EMIT_LOC_STRINGS = NO;
				SWIFT_VERSION = 5.0;
				TARGETED_DEVICE_FAMILY = "1,2";
				TEST_TARGET_NAME = ExDynamicCustomView;
			};
			name = Release;
		};
/* End XCBuildConfiguration section */

/* Begin XCConfigurationList section */
		4A4818C62756A441001BC1D4 /* Build configuration list for PBXProject "ExDynamicCustomView" */ = {
			isa = XCConfigurationList;
			buildConfigurations = (
				4A4818F32756A443001BC1D4 /* Debug */,
				4A4818F42756A443001BC1D4 /* Release */,
			);
			defaultConfigurationIsVisible = 0;
			defaultConfigurationName = Release;
		};
		4A4818F52756A443001BC1D4 /* Build configuration list for PBXNativeTarget "ExDynamicCustomView" */ = {
			isa = XCConfigurationList;
			buildConfigurations = (
				4A4818F62756A443001BC1D4 /* Debug */,
				4A4818F72756A443001BC1D4 /* Release */,
			);
			defaultConfigurationIsVisible = 0;
			defaultConfigurationName = Release;
		};
		4A4818F82756A443001BC1D4 /* Build configuration list for PBXNativeTarget "ExDynamicCustomViewTests" */ = {
			isa = XCConfigurationList;
			buildConfigurations = (
				4A4818F92756A443001BC1D4 /* Debug */,
				4A4818FA2756A443001BC1D4 /* Release */,
			);
			defaultConfigurationIsVisible = 0;
			defaultConfigurationName = Release;
		};
		4A4818FB2756A443001BC1D4 /* Build configuration list for PBXNativeTarget "ExDynamicCustomViewUITests" */ = {
			isa = XCConfigurationList;
			buildConfigurations = (
				4A4818FC2756A443001BC1D4 /* Debug */,
				4A4818FD2756A443001BC1D4 /* Release */,
			);
			defaultConfigurationIsVisible = 0;
			defaultConfigurationName = Release;
		};
/* End XCConfigurationList section */
	};
	rootObject = 4A4818C32756A441001BC1D4 /* Project object */;
}
